{
  "name": "ReporteDLS",
  "lockfileVersion": 2,
  "requires": true,
  "packages": {
    "": {
      "dependencies": {
        "ajax": "^0.0.4",
        "jquery": "^3.6.0",
        "mdb-ui-kit": "^4.0.0",
        "sweetalert2": "^11.4.13"
      }
    },
    "node_modules/ajax": {
      "version": "0.0.4",
      "resolved": "https://registry.npmjs.org/ajax/-/ajax-0.0.4.tgz",
      "integrity": "sha1-tvTOi9WQ9fS6Lc/eEd54nyCfJCM=",
      "dependencies": {
        "underscore": ""
      },
      "engines": {
        "node": ">=0.4.0"
      }
    },
    "node_modules/jquery": {
      "version": "3.6.0",
      "resolved": "https://registry.npmjs.org/jquery/-/jquery-3.6.0.tgz",
      "integrity": "sha512-JVzAR/AjBvVt2BmYhxRCSYysDsPcssdmTFnzyLEts9qNwmjmu4JTAMYubEfwVOSwpQ1I1sKKFcxhZCI2buerfw=="
    },
    "node_modules/mdb-ui-kit": {
      "version": "4.0.0",
      "resolved": "https://registry.npmjs.org/mdb-ui-kit/-/mdb-ui-kit-4.0.0.tgz",
      "integrity": "sha512-aJNTw1nitPhZyQ3gM+qdBiHbtfUFHQ2+1w4g2wZe6AdyAAp+771sKR7ETUK8h39VS9LiyZLR6GycT+IvT1M1fA=="
    },
    "node_modules/sweetalert2": {
      "version": "11.4.13",
      "resolved": "https://registry.npmjs.org/sweetalert2/-/sweetalert2-11.4.13.tgz",
      "integrity": "sha512-xsz0r8DF0MXEIveThNaSva9Z3YPEPFrg5hP/Fpz1KgIFlh0Y07ZFyFyE/vamZjawo6T0r8EUtswqEoRykHPCnQ==",
      "funding": {
        "type": "individual",
        "url": "https://sweetalert2.github.io/#donations"
      }
    },
    "node_modules/underscore": {
      "version": "1.13.3",
      "resolved": "https://registry.npmjs.org/underscore/-/underscore-1.13.3.tgz",
      "integrity": "sha512-QvjkYpiD+dJJraRA8+dGAU4i7aBbb2s0S3jA45TFOvg2VgqvdCDd/3N6CqA8gluk1W91GLoXg5enMUx560QzuA=="
    }
  },
  "dependencies": {
    "ajax": {
      "version": "0.0.4",
      "resolved": "https://registry.npmjs.org/ajax/-/ajax-0.0.4.tgz",
      "integrity": "sha1-tvTOi9WQ9fS6Lc/eEd54nyCfJCM=",
      "requires": {
        "underscore": ""
      }
    },
    "jquery": {
      "version": "3.6.0",
      "resolved": "https://registry.npmjs.org/jquery/-/jquery-3.6.0.tgz",
      "integrity": "sha512-JVzAR/AjBvVt2BmYhxRCSYysDsPcssdmTFnzyLEts9qNwmjmu4JTAMYubEfwVOSwpQ1I1sKKFcxhZCI2buerfw=="
    },
    "mdb-ui-kit": {
      "version": "4.0.0",
      "resolved": "https://registry.npmjs.org/mdb-ui-kit/-/mdb-ui-kit-4.0.0.tgz",
      "integrity": "sha512-aJNTw1nitPhZyQ3gM+qdBiHbtfUFHQ2+1w4g2wZe6AdyAAp+771sKR7ETUK8h39VS9LiyZLR6GycT+IvT1M1fA=="
    },
    "sweetalert2": {
      "version": "11.4.13",
      "resolved": "https://registry.npmjs.org/sweetalert2/-/sweetalert2-11.4.13.tgz",
      "integrity": "sha512-xsz0r8DF0MXEIveThNaSva9Z3YPEPFrg5hP/Fpz1KgIFlh0Y07ZFyFyE/vamZjawo6T0r8EUtswqEoRykHPCnQ=="
    },
    "underscore": {
      "version": "1.13.3",
      "resolved": "https://registry.npmjs.org/underscore/-/underscore-1.13.3.tgz",
      "integrity": "sha512-QvjkYpiD+dJJraRA8+dGAU4i7aBbb2s0S3jA45TFOvg2VgqvdCDd/3N6CqA8gluk1W91GLoXg5enMUx560QzuA=="
    }
  }
}
